Microsoft Visual Studio Solution File, Format Version 12.00
# Visual Studio 15
VisualStudioVersion = 15.0.26228.9
MinimumVisualStudioVersion = 10.0.40219.1
Project("{9A19103F-16F7-4668-BE54-9A1E7A4F7556}") = "FamFamFam.Flags.Wpf", "FamFamFam.Flags.Wpf\FamFamFam.Flags.Wpf.csproj", "{E53A2805-E529-4182-8329-C6BE0FC1A20C}"
EndProject
Project("{FAE04EC0-301F-11D3-BF4B-00C04F79EFBC}") = "FamFamFam.Flags.Wpf.Demo", "FamFamFam.Flags.Wpf.Demo\FamFamFam.Flags.Wpf.Demo.csproj", "{218E8959-03F0-49F4-AE7A-D162AC0FFE3C}"
EndProject
Project("{2150E333-8FDC-42A3-9474-1A3956D46DE8}") = "Solution Items", "Solution Items", "{82D7A04A-5EEC-4078-B73D-BEF09CAF4FCD}"
	ProjectSection(SolutionItems) = preProject
		.gitignore = .gitignore
		Build.ps1 = Build.ps1
		flags.png = flags.png
		LICENSE = LICENSE
		README.md = README.md
	EndProjectSection
EndProject
Global
	GlobalSection(SolutionConfigurationPlatforms) = preSolution
		Debug|Any CPU = Debug|Any CPU
		Release|Any CPU = Release|Any CPU
	EndGlobalSection
	GlobalSection(ProjectConfigurationPlatforms) = postSolution
		{E53A2805-E529-4182-8329-C6BE0FC1A20C}.Debug|Any CPU.ActiveCfg = Debug|Any CPU
		{E53A2805-E529-4182-8329-C6BE0FC1A20C}.Debug|Any CPU.Build.0 = Debug|Any CPU
		{E53A2805-E529-4182-8329-C6BE0FC1A20C}.Release|Any CPU.ActiveCfg = Release|Any CPU
		{E53A2805-E529-4182-8329-C6BE0FC1A20C}.Release|Any CPU.Build.0 = Release|Any CPU
		{218E8959-03F0-49F4-AE7A-D162AC0FFE3C}.Debug|Any CPU.ActiveCfg = Debug|Any CPU
		{218E8959-03F0-49F4-AE7A-D162AC0FFE3C}.Debug|Any CPU.Build.0 = Debug|Any CPU
		{218E8959-03F0-49F4-AE7A-D162AC0FFE3C}.Release|Any CPU.ActiveCfg = Release|Any CPU
		{218E8959-03F0-49F4-AE7A-D162AC0FFE3C}.Release|Any CPU.Build.0 = Release|Any CPU
	EndGlobalSection
	GlobalSection(SolutionProperties) = preSolution
		HideSolutionNode = FALSE
	EndGlobalSection
EndGlobal
